# @generated - this file is auto-generated by `mise lock` https://mise.jdx.dev/dev-tools/mise-lock.html

[[tools.ansible]]
version = "9.13.0"
backend = "pipx:ansible"

[tools.ansible.options]
pipx_args = "--include-deps"
uvx = "false"

[[tools.node]]
version = "24.20.0"
backend = "core:node"

[tools.node."platforms.linux-arm64"]
checksum = "sha256:3515603e2487879a39bc75716f1a2affd027500c64ba50e845cf72cb33219013"
url = "https://nodejs.org/dist/v24.20.0/node-v24.20.0-linux-arm64.tar.gz"

[tools.node."platforms.linux-arm64-musl"]
checksum = "sha256:2c8c507ccb0f20812d9526ba8ca454b1652aadef68fc8bad06f07fb1122dd1ef"
url = "https://unofficial-builds.nodejs.org/download/release/v24.20.0/node-v24.20.0-linux-arm64-musl.tar.gz"

[tools.node."platforms.linux-x64"]
checksum = "sha256:855d581f8a4eb1a8117e3426de25fe02770592febcfb31369aee1ffbfee9e8ec"
url = "https://nodejs.org/dist/v24.20.0/node-v24.20.0-linux-x64.tar.gz"

[tools.node."platforms.linux-x64-musl"]
checksum = "sha256:9ae1399fef4bd8990e15773ce1327b336a20b9e97d8c7549f4f42ca73c43f562"
url = "https://unofficial-builds.nodejs.org/download/release/v24.20.0/node-v24.20.0-linux-x64-musl.tar.gz"

[tools.node."platforms.macos-arm64"]
checksum = "sha256:40e5607e5ecb3db9192723776da2d75d966260fc74a7a9e731c1bd67dda96bc8"
url = "https://nodejs.org/dist/v24.20.0/node-v24.20.0-darwin-arm64.tar.gz"

[tools.node."platforms.macos-x64"]
checksum = "sha256:9e5b2644cf107befb6aefca676b96d3296bc10138096f022ed378d6233ed81f4"
url = "https://nodejs.org/dist/v24.20.0/node-v24.20.0-darwin-x64.tar.gz"

[tools.node."platforms.windows-x64"]
checksum = "sha256:6cac9ffbca8f6a47091e4b5c772e0606049c3871cb67d900c0cedde630e545ba"
url = "https://nodejs.org/dist/v24.20.0/node-v24.20.0-win-x64.zip"

[[tools.pipx]]
version = "1.16.3"
backend = "aqua:pypa/pipx"

[tools.pipx."platforms.linux-arm64"]
checksum = "sha256:958c8e93bd0cd6ed7ff1716f440ddbf0e94621e859c8a5355122a2ec111a1ffb"
url = "https://github.com/pypa/pipx/releases/download/1.16.3/pipx.pyz"
url_api = "https://api.github.com/repos/pypa/pipx/releases/assets/490814074"

[tools.pipx."platforms.linux-arm64-musl"]
checksum = "sha256:958c8e93bd0cd6ed7ff1716f440ddbf0e94621e859c8a5355122a2ec111a1ffb"
url = "https://github.com/pypa/pipx/releases/download/1.16.3/pipx.pyz"
url_api = "https://api.github.com/repos/pypa/pipx/releases/assets/490814074"

[tools.pipx."platforms.linux-x64"]
checksum = "sha256:958c8e93bd0cd6ed7ff1716f440ddbf0e94621e859c8a5355122a2ec111a1ffb"
url = "https://github.com/pypa/pipx/releases/download/1.16.3/pipx.pyz"
url_api = "https://api.github.com/repos/pypa/pipx/releases/assets/490814074"

[tools.pipx."platforms.linux-x64-musl"]
checksum = "sha256:958c8e93bd0cd6ed7ff1716f440ddbf0e94621e859c8a5355122a2ec111a1ffb"
url = "https://github.com/pypa/pipx/releases/download/1.16.3/pipx.pyz"
url_api = "https://api.github.com/repos/pypa/pipx/releases/assets/490814074"

[tools.pipx."platforms.macos-arm64"]
checksum = "sha256:958c8e93bd0cd6ed7ff1716f440ddbf0e94621e859c8a5355122a2ec111a1ffb"
url = "https://github.com/pypa/pipx/releases/download/1.16.3/pipx.pyz"
url_api = "https://api.github.com/repos/pypa/pipx/releases/assets/490814074"

[tools.pipx."platforms.macos-x64"]
checksum = "sha256:958c8e93bd0cd6ed7ff1716f440ddbf0e94621e859c8a5355122a2ec111a1ffb"
url = "https://github.com/pypa/pipx/releases/download/1.16.3/pipx.pyz"
url_api = "https://api.github.com/repos/pypa/pipx/releases/assets/490814074"

[[tools."pipx:ansible-lint"]]
version = "26.6.0"
backend = "pipx:ansible-lint"

[[tools.pulumi]]
version = "3.260.0"
backend = "aqua:pulumi/pulumi"

[tools.pulumi."platforms.linux-arm64"]
checksum = "sha256:1e7176d55274be10778b5ec7ebb0ae24be4061ad78e9ebfd0e9c1d874927617a"
url = "https://github.com/pulumi/pulumi/releases/download/v3.260.0/pulumi-v3.260.0-linux-arm64.tar.gz"
url_api = "https://api.github.com/repos/pulumi/pulumi/releases/assets/533636891"
provenance = "cosign"

[tools.pulumi."platforms.linux-arm64-musl"]
checksum = "sha256:1e7176d55274be10778b5ec7ebb0ae24be4061ad78e9ebfd0e9c1d874927617a"
url = "https://github.com/pulumi/pulumi/releases/download/v3.260.0/pulumi-v3.260.0-linux-arm64.tar.gz"
url_api = "https://api.github.com/repos/pulumi/pulumi/releases/assets/533636891"
provenance = "cosign"

[tools.pulumi."platforms.linux-x64"]
checksum = "sha256:d7b2936f986e82fd5fa2025bafe27f74d4a50cb6ba6785a16884fd5f270453fe"
url = "https://github.com/pulumi/pulumi/releases/download/v3.260.0/pulumi-v3.260.0-linux-x64.tar.gz"
url_api = "https://api.github.com/repos/pulumi/pulumi/releases/assets/533637008"
provenance = "cosign"

[tools.pulumi."platforms.linux-x64-musl"]
checksum = "sha256:d7b2936f986e82fd5fa2025bafe27f74d4a50cb6ba6785a16884fd5f270453fe"
url = "https://github.com/pulumi/pulumi/releases/download/v3.260.0/pulumi-v3.260.0-linux-x64.tar.gz"
url_api = "https://api.github.com/repos/pulumi/pulumi/releases/assets/533637008"
provenance = "cosign"

[tools.pulumi."platforms.macos-arm64"]
checksum = "sha256:33629055fa0f93b2c3f2f159155ff3638443e2a0cc36ea4f4a1faee09c3c5550"
url = "https://github.com/pulumi/pulumi/releases/download/v3.260.0/pulumi-v3.260.0-darwin-arm64.tar.gz"
url_api = "https://api.github.com/repos/pulumi/pulumi/releases/assets/533636791"
provenance = "cosign"

[tools.pulumi."platforms.macos-x64"]
checksum = "sha256:b820b402648fb524dd54349884b744f3bf1894e6aecb10a313e336dc71970aad"
url = "https://github.com/pulumi/pulumi/releases/download/v3.260.0/pulumi-v3.260.0-darwin-x64.tar.gz"
url_api = "https://api.github.com/repos/pulumi/pulumi/releases/assets/533636829"
provenance = "cosign"

[tools.pulumi."platforms.windows-x64"]
checksum = "sha256:b39a377c41a04583ea1f140c2f87ce4db4b9836979d7728714c18ff067dd5367"
url = "https://github.com/pulumi/pulumi/releases/download/v3.260.0/pulumi-v3.260.0-windows-x64.zip"
url_api = "https://api.github.com/repos/pulumi/pulumi/releases/assets/533637250"
provenance = "cosign"
