# @generated - this file is auto-generated by `mise lock` https://mise.jdx.dev/dev-tools/mise-lock.html

[[tools.ansible]]
version = "9.13.0"
backend = "pipx:ansible"

[tools.ansible.options]
pipx_args = "--include-deps"
uvx = "false"

[[tools.node]]
version = "22.23.2"
backend = "core:node"

[tools.node."platforms.linux-arm64"]
checksum = "sha256:013b59cfd2819703a6f4a14ab891fc46fc2a4e3f5bcd92de3fb4929b43e35b30"
url = "https://nodejs.org/dist/v22.23.2/node-v22.23.2-linux-arm64.tar.gz"

[tools.node."platforms.linux-arm64-musl"]
checksum = "sha256:b7a1a2b1c7c76e47550f17764676939840e0a64b4d04bdd375a4ac14bccaa8d8"
url = "https://unofficial-builds.nodejs.org/download/release/v22.23.2/node-v22.23.2-linux-arm64-musl.tar.gz"

[tools.node."platforms.linux-x64"]
checksum = "sha256:b294a556e639d64338823920e5866c21c02741742d2e1529ee1a225c1ec9252a"
url = "https://nodejs.org/dist/v22.23.2/node-v22.23.2-linux-x64.tar.gz"

[tools.node."platforms.linux-x64-musl"]
checksum = "sha256:396e11ee609eb2e5cb990f045c4d037aa47b2c247f3cecb01c5c162e33ffa9af"
url = "https://unofficial-builds.nodejs.org/download/release/v22.23.2/node-v22.23.2-linux-x64-musl.tar.gz"

[tools.node."platforms.macos-arm64"]
checksum = "sha256:61130f394c1630d211dd50aecc4353d379480f36d3ac913cd85dbba1aed585c6"
url = "https://nodejs.org/dist/v22.23.2/node-v22.23.2-darwin-arm64.tar.gz"

[tools.node."platforms.macos-x64"]
checksum = "sha256:58e99022c2ff89395576cc7fd4d98cea24bb68081475d5f88b801ee8729fb026"
url = "https://nodejs.org/dist/v22.23.2/node-v22.23.2-darwin-x64.tar.gz"

[tools.node."platforms.windows-x64"]
checksum = "sha256:1177b4137ba5adaa56354ae40f1080c7450e8ae09cecb47da459d1c52ac99f97"
url = "https://nodejs.org/dist/v22.23.2/node-v22.23.2-win-x64.zip"

[[tools.pipx]]
version = "1.16.3"
backend = "aqua:pypa/pipx"

[tools.pipx."platforms.linux-arm64"]
checksum = "sha256:958c8e93bd0cd6ed7ff1716f440ddbf0e94621e859c8a5355122a2ec111a1ffb"
url = "https://github.com/pypa/pipx/releases/download/1.16.3/pipx.pyz"
url_api = "https://api.github.com/repos/pypa/pipx/releases/assets/490814074"

[tools.pipx."platforms.linux-arm64-musl"]
checksum = "sha256:958c8e93bd0cd6ed7ff1716f440ddbf0e94621e859c8a5355122a2ec111a1ffb"
url = "https://github.com/pypa/pipx/releases/download/1.16.3/pipx.pyz"
url_api = "https://api.github.com/repos/pypa/pipx/releases/assets/490814074"

[tools.pipx."platforms.linux-x64"]
checksum = "sha256:958c8e93bd0cd6ed7ff1716f440ddbf0e94621e859c8a5355122a2ec111a1ffb"
url = "https://github.com/pypa/pipx/releases/download/1.16.3/pipx.pyz"
url_api = "https://api.github.com/repos/pypa/pipx/releases/assets/490814074"

[tools.pipx."platforms.linux-x64-musl"]
checksum = "sha256:958c8e93bd0cd6ed7ff1716f440ddbf0e94621e859c8a5355122a2ec111a1ffb"
url = "https://github.com/pypa/pipx/releases/download/1.16.3/pipx.pyz"
url_api = "https://api.github.com/repos/pypa/pipx/releases/assets/490814074"

[tools.pipx."platforms.macos-arm64"]
checksum = "sha256:958c8e93bd0cd6ed7ff1716f440ddbf0e94621e859c8a5355122a2ec111a1ffb"
url = "https://github.com/pypa/pipx/releases/download/1.16.3/pipx.pyz"
url_api = "https://api.github.com/repos/pypa/pipx/releases/assets/490814074"

[tools.pipx."platforms.macos-x64"]
checksum = "sha256:958c8e93bd0cd6ed7ff1716f440ddbf0e94621e859c8a5355122a2ec111a1ffb"
url = "https://github.com/pypa/pipx/releases/download/1.16.3/pipx.pyz"
url_api = "https://api.github.com/repos/pypa/pipx/releases/assets/490814074"

[[tools."pipx:ansible-lint"]]
version = "26.6.0"
backend = "pipx:ansible-lint"

[[tools.pulumi]]
version = "3.260.0"
backend = "aqua:pulumi/pulumi"

[tools.pulumi."platforms.linux-arm64"]
checksum = "sha256:1e7176d55274be10778b5ec7ebb0ae24be4061ad78e9ebfd0e9c1d874927617a"
url = "https://github.com/pulumi/pulumi/releases/download/v3.260.0/pulumi-v3.260.0-linux-arm64.tar.gz"
url_api = "https://api.github.com/repos/pulumi/pulumi/releases/assets/533636891"
provenance = "cosign"

[tools.pulumi."platforms.linux-arm64-musl"]
checksum = "sha256:1e7176d55274be10778b5ec7ebb0ae24be4061ad78e9ebfd0e9c1d874927617a"
url = "https://github.com/pulumi/pulumi/releases/download/v3.260.0/pulumi-v3.260.0-linux-arm64.tar.gz"
url_api = "https://api.github.com/repos/pulumi/pulumi/releases/assets/533636891"
provenance = "cosign"

[tools.pulumi."platforms.linux-x64"]
checksum = "sha256:d7b2936f986e82fd5fa2025bafe27f74d4a50cb6ba6785a16884fd5f270453fe"
url = "https://github.com/pulumi/pulumi/releases/download/v3.260.0/pulumi-v3.260.0-linux-x64.tar.gz"
url_api = "https://api.github.com/repos/pulumi/pulumi/releases/assets/533637008"
provenance = "cosign"

[tools.pulumi."platforms.linux-x64-musl"]
checksum = "sha256:d7b2936f986e82fd5fa2025bafe27f74d4a50cb6ba6785a16884fd5f270453fe"
url = "https://github.com/pulumi/pulumi/releases/download/v3.260.0/pulumi-v3.260.0-linux-x64.tar.gz"
url_api = "https://api.github.com/repos/pulumi/pulumi/releases/assets/533637008"
provenance = "cosign"

[tools.pulumi."platforms.macos-arm64"]
checksum = "sha256:33629055fa0f93b2c3f2f159155ff3638443e2a0cc36ea4f4a1faee09c3c5550"
url = "https://github.com/pulumi/pulumi/releases/download/v3.260.0/pulumi-v3.260.0-darwin-arm64.tar.gz"
url_api = "https://api.github.com/repos/pulumi/pulumi/releases/assets/533636791"
provenance = "cosign"

[tools.pulumi."platforms.macos-x64"]
checksum = "sha256:b820b402648fb524dd54349884b744f3bf1894e6aecb10a313e336dc71970aad"
url = "https://github.com/pulumi/pulumi/releases/download/v3.260.0/pulumi-v3.260.0-darwin-x64.tar.gz"
url_api = "https://api.github.com/repos/pulumi/pulumi/releases/assets/533636829"
provenance = "cosign"

[tools.pulumi."platforms.windows-x64"]
checksum = "sha256:b39a377c41a04583ea1f140c2f87ce4db4b9836979d7728714c18ff067dd5367"
url = "https://github.com/pulumi/pulumi/releases/download/v3.260.0/pulumi-v3.260.0-windows-x64.zip"
url_api = "https://api.github.com/repos/pulumi/pulumi/releases/assets/533637250"
provenance = "cosign"
